
Microsoft Visual Studio Solution File, Format Version 12.00
# Visual Studio Version 17
VisualStudioVersion = 17.0.31912.275
MinimumVisualStudioVersion = 10.0.40219.1
Project("{FAE04EC0-301F-11D3-BF4B-00C04F79EFBC}") = "Testimate", "Testimate.csproj", "{30282B1C-4299-4E75-B3DB-FC82C2FF04BF}"
EndProject
Global
	GlobalSection(SolutionConfigurationPlatforms) = preSolution
		Debug|x64 = Debug|x64
		Release|x64 = Release|x64
	EndGlobalSection
	GlobalSection(ProjectConfigurationPlatforms) = postSolution
		{30282B1C-4299-4E75-B3DB-FC82C2FF04BF}.Debug|x64.ActiveCfg = Debug|x64
		{30282B1C-4299-4E75-B3DB-FC82C2FF04BF}.Debug|x64.Build.0 = Debug|x64
		{30282B1C-4299-4E75-B3DB-FC82C2FF04BF}.Release|x64.ActiveCfg = Release|x64
		{30282B1C-4299-4E75-B3DB-FC82C2FF04BF}.Release|x64.Build.0 = Release|x64
	EndGlobalSection
	GlobalSection(SolutionProperties) = preSolution
		HideSolutionNode = FALSE
	EndGlobalSection
	GlobalSection(ExtensibilityGlobals) = postSolution
		SolutionGuid = {D9794FE1-C723-4743-A8DE-0D96D6D18D56}
	EndGlobalSection
EndGlobal
